
Microsoft Visual Studio Solution File, Format Version 12.00
# Visual Studio Version 16
VisualStudioVersion = 16.0.30523.141
MinimumVisualStudioVersion = 10.0.40219.1
Project("{FAE04EC0-301F-11D3-BF4B-00C04F79EFBC}") = "ConsoleAppBattleships", "ConsoleAppBattleships.csproj", "{FDC27173-1611-4B81-97AA-FFA7757FE628}"
EndProject
Global
	GlobalSection(SolutionConfigurationPlatforms) = preSolution
		Debug|Any CPU = Debug|Any CPU
		Release|Any CPU = Release|Any CPU
	EndGlobalSection
	GlobalSection(ProjectConfigurationPlatforms) = postSolution
		{FDC27173-1611-4B81-97AA-FFA7757FE628}.Debug|Any CPU.ActiveCfg = Debug|Any CPU
		{FDC27173-1611-4B81-97AA-FFA7757FE628}.Debug|Any CPU.Build.0 = Debug|Any CPU
		{FDC27173-1611-4B81-97AA-FFA7757FE628}.Release|Any CPU.ActiveCfg = Release|Any CPU
		{FDC27173-1611-4B81-97AA-FFA7757FE628}.Release|Any CPU.Build.0 = Release|Any CPU
	EndGlobalSection
	GlobalSection(SolutionProperties) = preSolution
		HideSolutionNode = FALSE
	EndGlobalSection
	GlobalSection(ExtensibilityGlobals) = postSolution
		SolutionGuid = {0F9D6B8C-C3A7-4B97-8D49-512DF08877EA}
	EndGlobalSection
EndGlobal
